PODS:
  - FlutterMacOS (1.0.0)
  - native_sqlcipher (0.0.1):
    - FlutterMacOS

DEPENDENCIES:
  - FlutterMacOS (from `Flutter/ephemeral`)
  - native_sqlcipher (from `Flutter/ephemeral/.symlinks/plugins/native_sqlcipher/macos`)

EXTERNAL SOURCES:
  FlutterMacOS:
    :path: Flutter/ephemeral
  native_sqlcipher:
    :path: Flutter/ephemeral/.symlinks/plugins/native_sqlcipher/macos

SPEC CHECKSUMS:
  FlutterMacOS: 8f6f14fa908a6fb3fba0cd85dbd81ec4b251fb24
  native_sqlcipher: b0d751c340e8684e88af1f0107405d84380f39d3

PODFILE CHECKSUM: 7eb978b976557c8c1cd717d8185ec483fd090a82

COCOAPODS: 1.15.2
